
Microsoft Visual Studio Solution File, Format Version 12.00
# Visual Studio Version 17
VisualStudioVersion = 17.6.33801.468
MinimumVisualStudioVersion = 10.0.40219.1
Project("{2150E333-8FDC-42A3-9474-1A3956D46DE8}") = "src", "src", "{457DD344-FEDE-4B01-9859-5694B0A417C1}"
EndProject
Project("{2150E333-8FDC-42A3-9474-1A3956D46DE8}") = "Services", "Services", "{8AE16603-FF82-4BF6-AB7F-D12600D51F8C}"
EndProject
Project("{2150E333-8FDC-42A3-9474-1A3956D46DE8}") = "Catalog", "Catalog", "{AF386899-A9AD-462A-A888-27126686FC0F}"
EndProject
Project("{9A19103F-16F7-4668-BE54-9A1E7A4F7556}") = "Catalog.API", "Services\Catalog\Catalog.API\Catalog.API.csproj", "{77D54437-BBD4-4675-846F-B2B49BC18B9B}"
EndProject
Project("{2150E333-8FDC-42A3-9474-1A3956D46DE8}") = "Order", "Order", "{A616FA8C-52D7-4BFA-A5A8-91A917A74496}"
EndProject
Project("{FAE04EC0-301F-11D3-BF4B-00C04F79EFBC}") = "Order.API", "Services\Order\Order.API\Order.API.csproj", "{6BD9BAE9-D097-4D13-B78B-BCD50BCE6677}"
EndProject
Global
	GlobalSection(SolutionConfigurationPlatforms) = preSolution
		Debug|Any CPU = Debug|Any CPU
		Release|Any CPU = Release|Any CPU
	EndGlobalSection
	GlobalSection(ProjectConfigurationPlatforms) = postSolution
		{77D54437-BBD4-4675-846F-B2B49BC18B9B}.Debug|Any CPU.ActiveCfg = Debug|Any CPU
		{77D54437-BBD4-4675-846F-B2B49BC18B9B}.Debug|Any CPU.Build.0 = Debug|Any CPU
		{77D54437-BBD4-4675-846F-B2B49BC18B9B}.Release|Any CPU.ActiveCfg = Release|Any CPU
		{77D54437-BBD4-4675-846F-B2B49BC18B9B}.Release|Any CPU.Build.0 = Release|Any CPU
		{6BD9BAE9-D097-4D13-B78B-BCD50BCE6677}.Debug|Any CPU.ActiveCfg = Debug|Any CPU
		{6BD9BAE9-D097-4D13-B78B-BCD50BCE6677}.Debug|Any CPU.Build.0 = Debug|Any CPU
		{6BD9BAE9-D097-4D13-B78B-BCD50BCE6677}.Release|Any CPU.ActiveCfg = Release|Any CPU
		{6BD9BAE9-D097-4D13-B78B-BCD50BCE6677}.Release|Any CPU.Build.0 = Release|Any CPU
	EndGlobalSection
	GlobalSection(SolutionProperties) = preSolution
		HideSolutionNode = FALSE
	EndGlobalSection
	GlobalSection(NestedProjects) = preSolution
		{8AE16603-FF82-4BF6-AB7F-D12600D51F8C} = {457DD344-FEDE-4B01-9859-5694B0A417C1}
		{AF386899-A9AD-462A-A888-27126686FC0F} = {8AE16603-FF82-4BF6-AB7F-D12600D51F8C}
		{77D54437-BBD4-4675-846F-B2B49BC18B9B} = {AF386899-A9AD-462A-A888-27126686FC0F}
		{A616FA8C-52D7-4BFA-A5A8-91A917A74496} = {8AE16603-FF82-4BF6-AB7F-D12600D51F8C}
		{6BD9BAE9-D097-4D13-B78B-BCD50BCE6677} = {A616FA8C-52D7-4BFA-A5A8-91A917A74496}
	EndGlobalSection
	GlobalSection(ExtensibilityGlobals) = postSolution
		SolutionGuid = {678509BB-D5EC-410F-A705-3BC72C372995}
	EndGlobalSection
EndGlobal
